
Microsoft Visual Studio Solution File, Format Version 12.00
# Visual Studio Version 17
VisualStudioVersion = 17.2.32526.322
MinimumVisualStudioVersion = 10.0.40219.1
Project("{FAE04EC0-301F-11D3-BF4B-00C04F79EFBC}") = "MultithreadingConsoleApp", "MultithreadingConsoleApp.csproj", "{ED7BD655-4B94-4EE1-89C6-6A6DB689D556}"
EndProject
Global
	GlobalSection(SolutionConfigurationPlatforms) = preSolution
		Debug|Any CPU = Debug|Any CPU
		Release|Any CPU = Release|Any CPU
	EndGlobalSection
	GlobalSection(ProjectConfigurationPlatforms) = postSolution
		{ED7BD655-4B94-4EE1-89C6-6A6DB689D556}.Debug|Any CPU.ActiveCfg = Debug|Any CPU
		{ED7BD655-4B94-4EE1-89C6-6A6DB689D556}.Debug|Any CPU.Build.0 = Debug|Any CPU
		{ED7BD655-4B94-4EE1-89C6-6A6DB689D556}.Release|Any CPU.ActiveCfg = Release|Any CPU
		{ED7BD655-4B94-4EE1-89C6-6A6DB689D556}.Release|Any CPU.Build.0 = Release|Any CPU
	EndGlobalSection
	GlobalSection(SolutionProperties) = preSolution
		HideSolutionNode = FALSE
	EndGlobalSection
	GlobalSection(ExtensibilityGlobals) = postSolution
		SolutionGuid = {CF61102E-AF91-4F1B-822C-D1FA549CC0E3}
	EndGlobalSection
EndGlobal
